#MicroXplorer Configuration settings - do not modify
Mcu.Family=STM32L0
RCC.MSI_VALUE=2097000
ProjectManager.MainLocation=Src
PC15-OSC32_OUT.Mode=LSE-External-Oscillator
RCC.USART1Freq_Value=2097000
ProjectManager.ProjectFileName=chapter-4-quicksearch-stm32.ioc
USART2.IPParameters=VirtualMode-Asynchronous
ProjectManager.KeepUserCode=true
Mcu.UserName=STM32L031K6Tx
PA15.GPIOParameters=GPIO_Label
Mcu.PinsNb=8
ProjectManager.NoMain=false
RCC.LPUARTFreq_Value=32000000
RCC.PLLCLKFreq_Value=32000000
PA14.GPIO_Label=TCK
ProjectManager.functionlistsort=1-MX_GPIO_Init-GPIO-false-HAL-true,2-SystemClock_Config-RCC-false-HAL-false,3-MX_USART2_UART_Init-USART2-false-HAL-true
RCC.RTCFreq_Value=37000
ProjectManager.DefaultFWLocation=true
RCC.USART2Freq_Value=32000000
NVIC.SVC_IRQn=true\:0\:0\:false\:false\:true\:false\:false
ProjectManager.DeletePrevious=true
PC14-OSC32_IN.Signal=RCC_OSC32_IN
RCC.TimerFreq_Value=32000000
boardIOC=true
RCC.48CLKFreq_Value=24000000
PA2.GPIOParameters=GPIO_Label
PinOutPanel.RotationAngle=0
RCC.FamilyName=M
RCC.SYSCLKSource=RCC_SYSCLKSOURCE_PLLCLK
ProjectManager.StackSize=0x400
RCC.WatchDogFreq_Value=37000
PA13.Signal=SYS_SWDIO
RCC.HSI16_VALUE=16000000
RCC.FCLKCortexFreq_Value=32000000
Mcu.IP2=SYS
Mcu.IP3=USART2
PA15.GPIO_Label=VCP_RX
Mcu.IP0=NVIC
PA15.Locked=true
Mcu.IP1=RCC
PC15-OSC32_OUT.Locked=true
Mcu.UserConstants=
ProjectManager.TargetToolchain=Makefile
Mcu.ThirdPartyNb=0
RCC.HCLKFreq_Value=32000000
Mcu.IPNb=4
ProjectManager.PreviousToolchain=
RCC.APB2TimFreq_Value=32000000
Mcu.Pin6=PB3
Mcu.Pin7=VP_SYS_VS_Systick
PC15-OSC32_OUT.Signal=RCC_OSC32_OUT
RCC.AHBFreq_Value=32000000
Mcu.Pin0=PC14-OSC32_IN
Mcu.Pin1=PC15-OSC32_OUT
Mcu.Pin2=PA2
Mcu.Pin3=PA13
Mcu.Pin4=PA14
Mcu.Pin5=PA15
ProjectManager.ProjectBuild=false
RCC.HSE_VALUE=8000000
RCC.MCOPinFreq_Value=32000000
board=NUCLEO-L031K6
USART2.VirtualMode-Asynchronous=VM_ASYNC
RCC.VCOOutputFreq_Value=64000000
PA15.Mode=Asynchronous
NVIC.SysTick_IRQn=true\:0\:0\:true\:false\:true\:true\:true
ProjectManager.LastFirmware=true
RCC.PLLMUL=RCC_PLLMUL_4
ProjectManager.FirmwarePackage=STM32Cube FW_L0 V1.11.2
MxDb.Version=DB.5.0.60
RCC.APB2Freq_Value=32000000
ProjectManager.BackupPrevious=false
MxCube.Version=5.6.0
PC14-OSC32_IN.Mode=LSE-External-Oscillator
RCC.I2C1Freq_Value=32000000
PA14.Mode=Serial_Wire
RCC.LCDFreq_Value=37000
File.Version=6
VP_SYS_VS_Systick.Mode=SysTick
PB3.GPIOParameters=GPIO_Label
NVIC.NonMaskableInt_IRQn=true\:0\:0\:false\:false\:true\:false\:false
NVIC.PendSV_IRQn=true\:0\:0\:false\:false\:true\:false\:false
PA13.Mode=Serial_Wire
ProjectManager.FreePins=false
RCC.IPParameters=48CLKFreq_Value,AHBFreq_Value,APB1Freq_Value,APB1TimFreq_Value,APB2Freq_Value,APB2TimFreq_Value,FCLKCortexFreq_Value,FamilyName,HCLKFreq_Value,HSE_VALUE,HSI16_VALUE,HSI48_VALUE,HSI_VALUE,I2C1Freq_Value,LCDFreq_Value,LPTIMFreq_Value,LPUARTFreq_Value,LSI_VALUE,MCOPinFreq_Value,MSI_VALUE,PLLCLKFreq_Value,PLLMUL,PWRFreq_Value,RTCFreq_Value,RTCHSEDivFreq_Value,SYSCLKFreq_VALUE,SYSCLKSource,TIMFreq_Value,TimerFreq_Value,USART1Freq_Value,USART2Freq_Value,VCOOutputFreq_Value,WatchDogFreq_Value
ProjectManager.AskForMigrate=true
Mcu.Name=STM32L031K(4-6)Tx
ProjectManager.HalAssertFull=false
RCC.RTCHSEDivFreq_Value=4000000
PA2.Signal=USART2_TX
PA13.GPIO_Label=TMS
ProjectManager.ProjectName=chapter-4-quicksearch-stm32
ProjectManager.UnderRoot=false
PA13.GPIOParameters=GPIO_Label
ProjectManager.CoupleFile=false
PB3.Signal=GPIO_Output
RCC.SYSCLKFreq_VALUE=32000000
Mcu.Package=LQFP32
NVIC.ForceEnableDMAVector=true
KeepUserPlacement=false
PA14.GPIOParameters=GPIO_Label
PA14.Locked=true
PA13.Locked=true
ProjectManager.CompilerOptimize=6
ProjectManager.ToolChainLocation=
RCC.LSI_VALUE=37000
PA2.GPIO_Label=VCP_TX
VP_SYS_VS_Systick.Signal=SYS_VS_Systick
PA14.Signal=SYS_SWCLK
PA15.Signal=USART2_RX
ProjectManager.HeapSize=0x200
NVIC.HardFault_IRQn=true\:0\:0\:false\:false\:true\:false\:false
ProjectManager.ComputerToolchain=false
RCC.HSI_VALUE=16000000
RCC.APB1TimFreq_Value=32000000
PA2.Mode=Asynchronous
RCC.PWRFreq_Value=32000000
RCC.APB1Freq_Value=32000000
ProjectManager.CustomerFirmwarePackage=
ProjectManager.DeviceId=STM32L031K6Tx
PC14-OSC32_IN.Locked=true
ProjectManager.LibraryCopy=0
RCC.LPTIMFreq_Value=32000000
RCC.HSI48_VALUE=48000000
PB3.Locked=true
RCC.TIMFreq_Value=32000000
PA2.Locked=true
PB3.GPIO_Label=LD3 [Green]
